
Microsoft Visual Studio Solution File, Format Version 12.00
# Visual Studio Version 16
VisualStudioVersion = 16.0.29403.142
MinimumVisualStudioVersion = 10.0.40219.1
Project("{FAE04EC0-301F-11D3-BF4B-00C04F79EFBC}") = "UpLift", "UpLift\UpLift.csproj", "{ECAEAB7A-B89D-45E4-A45B-7263FFFA0BE6}"
EndProject
Project("{FAE04EC0-301F-11D3-BF4B-00C04F79EFBC}") = "Uplift.DataAccess", "Uplift.DataAccess\Uplift.DataAccess.csproj", "{A0534BF1-B280-4123-961E-D7ABED61C1E0}"
EndProject
Project("{FAE04EC0-301F-11D3-BF4B-00C04F79EFBC}") = "Uplift.Models", "Uplift.Models\Uplift.Models.csproj", "{C7452A4C-8761-4745-ACBE-C85CA6C65222}"
EndProject
Project("{FAE04EC0-301F-11D3-BF4B-00C04F79EFBC}") = "Uplift.Utility", "Uplift.Utility\Uplift.Utility.csproj", "{D4B52314-083D-43BF-B374-E46242A713EA}"
EndProject
Global
	GlobalSection(SolutionConfigurationPlatforms) = preSolution
		Debug|Any CPU = Debug|Any CPU
		Release|Any CPU = Release|Any CPU
	EndGlobalSection
	GlobalSection(ProjectConfigurationPlatforms) = postSolution
		{ECAEAB7A-B89D-45E4-A45B-7263FFFA0BE6}.Debug|Any CPU.ActiveCfg = Debug|Any CPU
		{ECAEAB7A-B89D-45E4-A45B-7263FFFA0BE6}.Debug|Any CPU.Build.0 = Debug|Any CPU
		{ECAEAB7A-B89D-45E4-A45B-7263FFFA0BE6}.Release|Any CPU.ActiveCfg = Release|Any CPU
		{ECAEAB7A-B89D-45E4-A45B-7263FFFA0BE6}.Release|Any CPU.Build.0 = Release|Any CPU
		{A0534BF1-B280-4123-961E-D7ABED61C1E0}.Debug|Any CPU.ActiveCfg = Debug|Any CPU
		{A0534BF1-B280-4123-961E-D7ABED61C1E0}.Debug|Any CPU.Build.0 = Debug|Any CPU
		{A0534BF1-B280-4123-961E-D7ABED61C1E0}.Release|Any CPU.ActiveCfg = Release|Any CPU
		{A0534BF1-B280-4123-961E-D7ABED61C1E0}.Release|Any CPU.Build.0 = Release|Any CPU
		{C7452A4C-8761-4745-ACBE-C85CA6C65222}.Debug|Any CPU.ActiveCfg = Debug|Any CPU
		{C7452A4C-8761-4745-ACBE-C85CA6C65222}.Debug|Any CPU.Build.0 = Debug|Any CPU
		{C7452A4C-8761-4745-ACBE-C85CA6C65222}.Release|Any CPU.ActiveCfg = Release|Any CPU
		{C7452A4C-8761-4745-ACBE-C85CA6C65222}.Release|Any CPU.Build.0 = Release|Any CPU
		{D4B52314-083D-43BF-B374-E46242A713EA}.Debug|Any CPU.ActiveCfg = Debug|Any CPU
		{D4B52314-083D-43BF-B374-E46242A713EA}.Debug|Any CPU.Build.0 = Debug|Any CPU
		{D4B52314-083D-43BF-B374-E46242A713EA}.Release|Any CPU.ActiveCfg = Release|Any CPU
		{D4B52314-083D-43BF-B374-E46242A713EA}.Release|Any CPU.Build.0 = Release|Any CPU
	EndGlobalSection
	GlobalSection(SolutionProperties) = preSolution
		HideSolutionNode = FALSE
	EndGlobalSection
	GlobalSection(ExtensibilityGlobals) = postSolution
		SolutionGuid = {A019AB27-B863-4108-9175-26481A51F41E}
	EndGlobalSection
EndGlobal
